Microsoft Visual Studio Solution File, Format Version 12.00
# Visual Studio Version 17
VisualStudioVersion = 17.5.2.0
MinimumVisualStudioVersion = 10.0.40219.1
Project("{2150E333-8FDC-42A3-9474-1A3956D46DE8}") = "azure-devops-mcp-csharp", "azure-devops-mcp-csharp", "{A4951D32-9387-FA0B-AD07-FAFE3EFE797B}"
EndProject
Project("{FAE04EC0-301F-11D3-BF4B-00C04F79EFBC}") = "AzureDevOpsMcp", "azure-devops-mcp-csharp\AzureDevOpsMcp.csproj", "{713A0C29-B2EC-AC7E-F62A-553D20FF405E}"
EndProject
Global
	GlobalSection(SolutionConfigurationPlatforms) = preSolution
		Debug|Any CPU = Debug|Any CPU
		Release|Any CPU = Release|Any CPU
	EndGlobalSection
	GlobalSection(ProjectConfigurationPlatforms) = postSolution
		{713A0C29-B2EC-AC7E-F62A-553D20FF405E}.Debug|Any CPU.ActiveCfg = Debug|Any CPU
		{713A0C29-B2EC-AC7E-F62A-553D20FF405E}.Debug|Any CPU.Build.0 = Debug|Any CPU
		{713A0C29-B2EC-AC7E-F62A-553D20FF405E}.Release|Any CPU.ActiveCfg = Release|Any CPU
		{713A0C29-B2EC-AC7E-F62A-553D20FF405E}.Release|Any CPU.Build.0 = Release|Any CPU
	EndGlobalSection
	GlobalSection(SolutionProperties) = preSolution
		HideSolutionNode = FALSE
	EndGlobalSection
	GlobalSection(NestedProjects) = preSolution
		{713A0C29-B2EC-AC7E-F62A-553D20FF405E} = {A4951D32-9387-FA0B-AD07-FAFE3EFE797B}
	EndGlobalSection
	GlobalSection(ExtensibilityGlobals) = postSolution
		SolutionGuid = {E1299F62-86FB-4B3B-BBEB-BD1E34CD0260}
	EndGlobalSection
EndGlobal
